
Microsoft Visual Studio Solution File, Format Version 12.00
# Visual Studio Version 17
VisualStudioVersion = 17.11.35327.3
MinimumVisualStudioVersion = 10.0.40219.1
Project("{FAE04EC0-301F-11D3-BF4B-00C04F79EFBC}") = "TPC-equipo-9A", "TPC-equipo-9A\TPC-equipo-9A.csproj", "{B4738218-B7F8-42F7-96CB-704745E23D07}"
EndProject
Project("{FAE04EC0-301F-11D3-BF4B-00C04F79EFBC}") = "Utils", "Utils\Utils.csproj", "{F3153E09-22E3-4E35-B795-0B2858FCEF1E}"
EndProject
Project("{FAE04EC0-301F-11D3-BF4B-00C04F79EFBC}") = "Models", "Models\Models.csproj", "{DC7B6E9A-DB5B-422E-9791-860BFA54F0AE}"
EndProject
Project("{FAE04EC0-301F-11D3-BF4B-00C04F79EFBC}") = "Services", "Services\Services.csproj", "{7B063CB5-6D75-4875-BF0D-311FCF7A0A0F}"
EndProject
Global
	GlobalSection(SolutionConfigurationPlatforms) = preSolution
		Debug|Any CPU = Debug|Any CPU
		Release|Any CPU = Release|Any CPU
	EndGlobalSection
	GlobalSection(ProjectConfigurationPlatforms) = postSolution
		{B4738218-B7F8-42F7-96CB-704745E23D07}.Debug|Any CPU.ActiveCfg = Debug|Any CPU
		{B4738218-B7F8-42F7-96CB-704745E23D07}.Debug|Any CPU.Build.0 = Debug|Any CPU
		{B4738218-B7F8-42F7-96CB-704745E23D07}.Release|Any CPU.ActiveCfg = Release|Any CPU
		{B4738218-B7F8-42F7-96CB-704745E23D07}.Release|Any CPU.Build.0 = Release|Any CPU
		{F3153E09-22E3-4E35-B795-0B2858FCEF1E}.Debug|Any CPU.ActiveCfg = Debug|Any CPU
		{F3153E09-22E3-4E35-B795-0B2858FCEF1E}.Debug|Any CPU.Build.0 = Debug|Any CPU
		{F3153E09-22E3-4E35-B795-0B2858FCEF1E}.Release|Any CPU.ActiveCfg = Release|Any CPU
		{F3153E09-22E3-4E35-B795-0B2858FCEF1E}.Release|Any CPU.Build.0 = Release|Any CPU
		{DC7B6E9A-DB5B-422E-9791-860BFA54F0AE}.Debug|Any CPU.ActiveCfg = Debug|Any CPU
		{DC7B6E9A-DB5B-422E-9791-860BFA54F0AE}.Debug|Any CPU.Build.0 = Debug|Any CPU
		{DC7B6E9A-DB5B-422E-9791-860BFA54F0AE}.Release|Any CPU.ActiveCfg = Release|Any CPU
		{DC7B6E9A-DB5B-422E-9791-860BFA54F0AE}.Release|Any CPU.Build.0 = Release|Any CPU
		{7B063CB5-6D75-4875-BF0D-311FCF7A0A0F}.Debug|Any CPU.ActiveCfg = Debug|Any CPU
		{7B063CB5-6D75-4875-BF0D-311FCF7A0A0F}.Debug|Any CPU.Build.0 = Debug|Any CPU
		{7B063CB5-6D75-4875-BF0D-311FCF7A0A0F}.Release|Any CPU.ActiveCfg = Release|Any CPU
		{7B063CB5-6D75-4875-BF0D-311FCF7A0A0F}.Release|Any CPU.Build.0 = Release|Any CPU
	EndGlobalSection
	GlobalSection(SolutionProperties) = preSolution
		HideSolutionNode = FALSE
	EndGlobalSection
	GlobalSection(ExtensibilityGlobals) = postSolution
		SolutionGuid = {6702EA46-678F-456E-B26D-9A439C37D46E}
	EndGlobalSection
EndGlobal
